
Microsoft Visual Studio Solution File, Format Version 12.00
# Visual Studio Version 17
VisualStudioVersion = 17.8.34511.84
MinimumVisualStudioVersion = 10.0.40219.1
Project("{FAE04EC0-301F-11D3-BF4B-00C04F79EFBC}") = "DynamicDateTimePrinter", "DynamicDateTimePrinter\DynamicDateTimePrinter.csproj", "{79936EB7-AE7C-48B6-9E0E-1FFAC98B4AC2}"
EndProject
Project("{FAE04EC0-301F-11D3-BF4B-00C04F79EFBC}") = "DynamicDateTimePrinter.Tests", "DynamicDateTimePrinter.Tests\DynamicDateTimePrinter.Tests.csproj", "{F37A3B79-BB30-4D4A-B82B-60FFCBE537D5}"
EndProject
Global
	GlobalSection(SolutionConfigurationPlatforms) = preSolution
		Debug|Any CPU = Debug|Any CPU
		Release|Any CPU = Release|Any CPU
	EndGlobalSection
	GlobalSection(ProjectConfigurationPlatforms) = postSolution
		{79936EB7-AE7C-48B6-9E0E-1FFAC98B4AC2}.Debug|Any CPU.ActiveCfg = Debug|Any CPU
		{79936EB7-AE7C-48B6-9E0E-1FFAC98B4AC2}.Debug|Any CPU.Build.0 = Debug|Any CPU
		{79936EB7-AE7C-48B6-9E0E-1FFAC98B4AC2}.Release|Any CPU.ActiveCfg = Release|Any CPU
		{79936EB7-AE7C-48B6-9E0E-1FFAC98B4AC2}.Release|Any CPU.Build.0 = Release|Any CPU
		{F37A3B79-BB30-4D4A-B82B-60FFCBE537D5}.Debug|Any CPU.ActiveCfg = Debug|Any CPU
		{F37A3B79-BB30-4D4A-B82B-60FFCBE537D5}.Debug|Any CPU.Build.0 = Debug|Any CPU
		{F37A3B79-BB30-4D4A-B82B-60FFCBE537D5}.Release|Any CPU.ActiveCfg = Release|Any CPU
		{F37A3B79-BB30-4D4A-B82B-60FFCBE537D5}.Release|Any CPU.Build.0 = Release|Any CPU
	EndGlobalSection
	GlobalSection(SolutionProperties) = preSolution
		HideSolutionNode = FALSE
	EndGlobalSection
	GlobalSection(ExtensibilityGlobals) = postSolution
		SolutionGuid = {6B2CC146-7CB4-43AC-947B-AB6B27D64872}
	EndGlobalSection
EndGlobal
